
Microsoft Visual Studio Solution File, Format Version 12.00
# Visual Studio 15
VisualStudioVersion = 15.0.27703.2018
MinimumVisualStudioVersion = 10.0.40219.1
Project("{FAE04EC0-301F-11D3-BF4B-00C04F79EFBC}") = "binaryCounter", "binaryCounter\binaryCounter.csproj", "{522D8991-852B-4DEE-83DA-DE7D5FFD59EF}"
EndProject
Global
	GlobalSection(SolutionConfigurationPlatforms) = preSolution
		Debug|ARM = Debug|ARM
		Debug|x64 = Debug|x64
		Debug|x86 = Debug|x86
		Release|ARM = Release|ARM
		Release|x64 = Release|x64
		Release|x86 = Release|x86
	EndGlobalSection
	GlobalSection(ProjectConfigurationPlatforms) = postSolution
		{522D8991-852B-4DEE-83DA-DE7D5FFD59EF}.Debug|ARM.ActiveCfg = Debug|ARM
		{522D8991-852B-4DEE-83DA-DE7D5FFD59EF}.Debug|ARM.Build.0 = Debug|ARM
		{522D8991-852B-4DEE-83DA-DE7D5FFD59EF}.Debug|ARM.Deploy.0 = Debug|ARM
		{522D8991-852B-4DEE-83DA-DE7D5FFD59EF}.Debug|x64.ActiveCfg = Debug|x64
		{522D8991-852B-4DEE-83DA-DE7D5FFD59EF}.Debug|x64.Build.0 = Debug|x64
		{522D8991-852B-4DEE-83DA-DE7D5FFD59EF}.Debug|x64.Deploy.0 = Debug|x64
		{522D8991-852B-4DEE-83DA-DE7D5FFD59EF}.Debug|x86.ActiveCfg = Debug|x86
		{522D8991-852B-4DEE-83DA-DE7D5FFD59EF}.Debug|x86.Build.0 = Debug|x86
		{522D8991-852B-4DEE-83DA-DE7D5FFD59EF}.Debug|x86.Deploy.0 = Debug|x86
		{522D8991-852B-4DEE-83DA-DE7D5FFD59EF}.Release|ARM.ActiveCfg = Release|ARM
		{522D8991-852B-4DEE-83DA-DE7D5FFD59EF}.Release|ARM.Build.0 = Release|ARM
		{522D8991-852B-4DEE-83DA-DE7D5FFD59EF}.Release|ARM.Deploy.0 = Release|ARM
		{522D8991-852B-4DEE-83DA-DE7D5FFD59EF}.Release|x64.ActiveCfg = Release|x64
		{522D8991-852B-4DEE-83DA-DE7D5FFD59EF}.Release|x64.Build.0 = Release|x64
		{522D8991-852B-4DEE-83DA-DE7D5FFD59EF}.Release|x64.Deploy.0 = Release|x64
		{522D8991-852B-4DEE-83DA-DE7D5FFD59EF}.Release|x86.ActiveCfg = Release|x86
		{522D8991-852B-4DEE-83DA-DE7D5FFD59EF}.Release|x86.Build.0 = Release|x86
		{522D8991-852B-4DEE-83DA-DE7D5FFD59EF}.Release|x86.Deploy.0 = Release|x86
	EndGlobalSection
	GlobalSection(SolutionProperties) = preSolution
		HideSolutionNode = FALSE
	EndGlobalSection
	GlobalSection(ExtensibilityGlobals) = postSolution
		SolutionGuid = {197F21AD-C898-481D-BB1B-8CC095115A82}
	EndGlobalSection
EndGlobal
